
Microsoft Visual Studio Solution File, Format Version 12.00
# Visual Studio Version 17
VisualStudioVersion = 17.4.33213.308
MinimumVisualStudioVersion = 10.0.40219.1
Project("{FAE04EC0-301F-11D3-BF4B-00C04F79EFBC}") = "Task-1-A", "Task-1\Task-1-A.csproj", "{813DAEC0-D3BD-4E00-836A-52CC7DAE751B}"
EndProject
Project("{FAE04EC0-301F-11D3-BF4B-00C04F79EFBC}") = "Task-1-B", "Task-1-B\Task-1-B.csproj", "{6E6B2BEF-73CB-40BA-8C93-2761A276DE93}"
EndProject
Global
	GlobalSection(SolutionConfigurationPlatforms) = preSolution
		Debug|Any CPU = Debug|Any CPU
		Release|Any CPU = Release|Any CPU
	EndGlobalSection
	GlobalSection(ProjectConfigurationPlatforms) = postSolution
		{813DAEC0-D3BD-4E00-836A-52CC7DAE751B}.Debug|Any CPU.ActiveCfg = Debug|Any CPU
		{813DAEC0-D3BD-4E00-836A-52CC7DAE751B}.Debug|Any CPU.Build.0 = Debug|Any CPU
		{813DAEC0-D3BD-4E00-836A-52CC7DAE751B}.Release|Any CPU.ActiveCfg = Release|Any CPU
		{813DAEC0-D3BD-4E00-836A-52CC7DAE751B}.Release|Any CPU.Build.0 = Release|Any CPU
		{6E6B2BEF-73CB-40BA-8C93-2761A276DE93}.Debug|Any CPU.ActiveCfg = Debug|Any CPU
		{6E6B2BEF-73CB-40BA-8C93-2761A276DE93}.Debug|Any CPU.Build.0 = Debug|Any CPU
		{6E6B2BEF-73CB-40BA-8C93-2761A276DE93}.Release|Any CPU.ActiveCfg = Release|Any CPU
		{6E6B2BEF-73CB-40BA-8C93-2761A276DE93}.Release|Any CPU.Build.0 = Release|Any CPU
	EndGlobalSection
	GlobalSection(SolutionProperties) = preSolution
		HideSolutionNode = FALSE
	EndGlobalSection
	GlobalSection(ExtensibilityGlobals) = postSolution
		SolutionGuid = {E26F4371-73C9-47DE-94A1-1F5118ED2655}
	EndGlobalSection
EndGlobal
