
Microsoft Visual Studio Solution File, Format Version 12.00
# Visual Studio Version 17
VisualStudioVersion = 17.4.33213.308
MinimumVisualStudioVersion = 10.0.40219.1
Project("{9A19103F-16F7-4668-BE54-9A1E7A4F7556}") = "Task-1", "Task-1\Task-1.csproj", "{400821EB-F2A1-4C98-8385-EB80D6B4249A}"
EndProject
Project("{FAE04EC0-301F-11D3-BF4B-00C04F79EFBC}") = "Task-2", "Task-2\Task-2.csproj", "{F22268EF-3CE9-4161-A661-9DDB09A370D2}"
EndProject
Global
	GlobalSection(SolutionConfigurationPlatforms) = preSolution
		Debug|Any CPU = Debug|Any CPU
		Release|Any CPU = Release|Any CPU
	EndGlobalSection
	GlobalSection(ProjectConfigurationPlatforms) = postSolution
		{400821EB-F2A1-4C98-8385-EB80D6B4249A}.Debug|Any CPU.ActiveCfg = Debug|Any CPU
		{400821EB-F2A1-4C98-8385-EB80D6B4249A}.Debug|Any CPU.Build.0 = Debug|Any CPU
		{400821EB-F2A1-4C98-8385-EB80D6B4249A}.Release|Any CPU.ActiveCfg = Release|Any CPU
		{400821EB-F2A1-4C98-8385-EB80D6B4249A}.Release|Any CPU.Build.0 = Release|Any CPU
		{F22268EF-3CE9-4161-A661-9DDB09A370D2}.Debug|Any CPU.ActiveCfg = Debug|Any CPU
		{F22268EF-3CE9-4161-A661-9DDB09A370D2}.Debug|Any CPU.Build.0 = Debug|Any CPU
		{F22268EF-3CE9-4161-A661-9DDB09A370D2}.Release|Any CPU.ActiveCfg = Release|Any CPU
		{F22268EF-3CE9-4161-A661-9DDB09A370D2}.Release|Any CPU.Build.0 = Release|Any CPU
	EndGlobalSection
	GlobalSection(SolutionProperties) = preSolution
		HideSolutionNode = FALSE
	EndGlobalSection
	GlobalSection(ExtensibilityGlobals) = postSolution
		SolutionGuid = {38D4227D-5572-41FE-89C6-9A088955CEAC}
	EndGlobalSection
EndGlobal
