
Microsoft Visual Studio Solution File, Format Version 12.00
# Visual Studio Version 17
VisualStudioVersion = 17.4.33213.308
MinimumVisualStudioVersion = 10.0.40219.1
Project("{9A19103F-16F7-4668-BE54-9A1E7A4F7556}") = "Task-1", "Task-1\Task-1.csproj", "{40F39E29-842C-42F8-BB2B-F06AB3EE60A1}"
EndProject
Project("{FAE04EC0-301F-11D3-BF4B-00C04F79EFBC}") = "Task-2", "Task-2\Task-2.csproj", "{19B133C3-F791-4835-892B-4958D8C23F1B}"
EndProject
Global
	GlobalSection(SolutionConfigurationPlatforms) = preSolution
		Debug|Any CPU = Debug|Any CPU
		Release|Any CPU = Release|Any CPU
	EndGlobalSection
	GlobalSection(ProjectConfigurationPlatforms) = postSolution
		{40F39E29-842C-42F8-BB2B-F06AB3EE60A1}.Debug|Any CPU.ActiveCfg = Debug|Any CPU
		{40F39E29-842C-42F8-BB2B-F06AB3EE60A1}.Debug|Any CPU.Build.0 = Debug|Any CPU
		{40F39E29-842C-42F8-BB2B-F06AB3EE60A1}.Release|Any CPU.ActiveCfg = Release|Any CPU
		{40F39E29-842C-42F8-BB2B-F06AB3EE60A1}.Release|Any CPU.Build.0 = Release|Any CPU
		{19B133C3-F791-4835-892B-4958D8C23F1B}.Debug|Any CPU.ActiveCfg = Debug|Any CPU
		{19B133C3-F791-4835-892B-4958D8C23F1B}.Debug|Any CPU.Build.0 = Debug|Any CPU
		{19B133C3-F791-4835-892B-4958D8C23F1B}.Release|Any CPU.ActiveCfg = Release|Any CPU
		{19B133C3-F791-4835-892B-4958D8C23F1B}.Release|Any CPU.Build.0 = Release|Any CPU
	EndGlobalSection
	GlobalSection(SolutionProperties) = preSolution
		HideSolutionNode = FALSE
	EndGlobalSection
	GlobalSection(ExtensibilityGlobals) = postSolution
		SolutionGuid = {1FB640EF-9D4D-4AD2-BA37-6ABAE9AEE4DC}
	EndGlobalSection
EndGlobal
