
Microsoft Visual Studio Solution File, Format Version 12.00
# Visual Studio Version 17
VisualStudioVersion = 17.4.33213.308
MinimumVisualStudioVersion = 10.0.40219.1
Project("{FAE04EC0-301F-11D3-BF4B-00C04F79EFBC}") = "Task-1", "Task-1\Task-1.csproj", "{E2C2639F-CE03-49D0-844E-9A01667C3C8E}"
EndProject
Project("{FAE04EC0-301F-11D3-BF4B-00C04F79EFBC}") = "Task-2", "Task-2\Task-2.csproj", "{8E5AC8F1-7999-438B-805F-335C8AB4BA87}"
EndProject
Project("{FAE04EC0-301F-11D3-BF4B-00C04F79EFBC}") = "Task-3", "Task-3\Task-3.csproj", "{ECEEBC7C-64E0-4CCC-9311-7B634939A80F}"
EndProject
Project("{FAE04EC0-301F-11D3-BF4B-00C04F79EFBC}") = "Task-4", "Task-4\Task-4.csproj", "{F5DD0412-11D7-4A42-B889-3D3275D1214C}"
EndProject
Global
	GlobalSection(SolutionConfigurationPlatforms) = preSolution
		Debug|Any CPU = Debug|Any CPU
		Release|Any CPU = Release|Any CPU
	EndGlobalSection
	GlobalSection(ProjectConfigurationPlatforms) = postSolution
		{E2C2639F-CE03-49D0-844E-9A01667C3C8E}.Debug|Any CPU.ActiveCfg = Debug|Any CPU
		{E2C2639F-CE03-49D0-844E-9A01667C3C8E}.Debug|Any CPU.Build.0 = Debug|Any CPU
		{E2C2639F-CE03-49D0-844E-9A01667C3C8E}.Release|Any CPU.ActiveCfg = Release|Any CPU
		{E2C2639F-CE03-49D0-844E-9A01667C3C8E}.Release|Any CPU.Build.0 = Release|Any CPU
		{8E5AC8F1-7999-438B-805F-335C8AB4BA87}.Debug|Any CPU.ActiveCfg = Debug|Any CPU
		{8E5AC8F1-7999-438B-805F-335C8AB4BA87}.Debug|Any CPU.Build.0 = Debug|Any CPU
		{8E5AC8F1-7999-438B-805F-335C8AB4BA87}.Release|Any CPU.ActiveCfg = Release|Any CPU
		{8E5AC8F1-7999-438B-805F-335C8AB4BA87}.Release|Any CPU.Build.0 = Release|Any CPU
		{ECEEBC7C-64E0-4CCC-9311-7B634939A80F}.Debug|Any CPU.ActiveCfg = Debug|Any CPU
		{ECEEBC7C-64E0-4CCC-9311-7B634939A80F}.Debug|Any CPU.Build.0 = Debug|Any CPU
		{ECEEBC7C-64E0-4CCC-9311-7B634939A80F}.Release|Any CPU.ActiveCfg = Release|Any CPU
		{ECEEBC7C-64E0-4CCC-9311-7B634939A80F}.Release|Any CPU.Build.0 = Release|Any CPU
		{F5DD0412-11D7-4A42-B889-3D3275D1214C}.Debug|Any CPU.ActiveCfg = Debug|Any CPU
		{F5DD0412-11D7-4A42-B889-3D3275D1214C}.Debug|Any CPU.Build.0 = Debug|Any CPU
		{F5DD0412-11D7-4A42-B889-3D3275D1214C}.Release|Any CPU.ActiveCfg = Release|Any CPU
		{F5DD0412-11D7-4A42-B889-3D3275D1214C}.Release|Any CPU.Build.0 = Release|Any CPU
	EndGlobalSection
	GlobalSection(SolutionProperties) = preSolution
		HideSolutionNode = FALSE
	EndGlobalSection
	GlobalSection(ExtensibilityGlobals) = postSolution
		SolutionGuid = {82D9BB87-A02A-4F4F-B113-3AD9FE77ACB5}
	EndGlobalSection
EndGlobal
