
Microsoft Visual Studio Solution File, Format Version 12.00
# Visual Studio Version 17
VisualStudioVersion = 17.4.33213.308
MinimumVisualStudioVersion = 10.0.40219.1
Project("{9A19103F-16F7-4668-BE54-9A1E7A4F7556}") = "Task-1", "Task-1\Task-1.csproj", "{1F11DEED-300A-4927-869E-DDBD837A974E}"
EndProject
Project("{9A19103F-16F7-4668-BE54-9A1E7A4F7556}") = "Task-2", "task_2\Task-2.csproj", "{85855C82-5831-4FBE-A17F-A4E3FA9265DE}"
EndProject
Project("{9A19103F-16F7-4668-BE54-9A1E7A4F7556}") = "Task-3", "Task-3\Task-3.csproj", "{69961CC7-79AD-4B33-8814-DB44541DA39F}"
EndProject
Project("{9A19103F-16F7-4668-BE54-9A1E7A4F7556}") = "Task-4", "Task-4\Task-4.csproj", "{7CD77133-180F-40D0-90FC-22086D855072}"
EndProject
Project("{9A19103F-16F7-4668-BE54-9A1E7A4F7556}") = "Task-5", "Task-5\Task-5.csproj", "{E32418E9-7A53-4A3A-9B18-34C20A4891E5}"
EndProject
Project("{9A19103F-16F7-4668-BE54-9A1E7A4F7556}") = "Task-6", "Task-6\Task-6.csproj", "{D99CECEA-38FD-434B-BBDF-F3B9422D198D}"
EndProject
Project("{9A19103F-16F7-4668-BE54-9A1E7A4F7556}") = "Task-7", "Task-7\Task-7.csproj", "{F9908C87-78BA-4EE7-91F5-D87A214C1F7D}"
EndProject
Project("{FAE04EC0-301F-11D3-BF4B-00C04F79EFBC}") = "Task-7-Variation-2", "Task-7-Variation-2\Task-7-Variation-2.csproj", "{0D4B3EF1-AB36-4778-8F05-8033DFD7FE47}"
EndProject
Project("{FAE04EC0-301F-11D3-BF4B-00C04F79EFBC}") = "Task-8", "Task-8\Task-8.csproj", "{0A82BAE7-EA33-46F1-AC52-D18E9CCB4C21}"
EndProject
Project("{FAE04EC0-301F-11D3-BF4B-00C04F79EFBC}") = "Task-9", "Task-9\Task-9.csproj", "{C0B4CDB4-3A75-485E-A34D-A184E9474B51}"
EndProject
Project("{FAE04EC0-301F-11D3-BF4B-00C04F79EFBC}") = "Task-10", "Task-10\Task-10.csproj", "{47C811AB-A36C-4227-902B-B91036E7DF8D}"
EndProject
Global
	GlobalSection(SolutionConfigurationPlatforms) = preSolution
		Debug|Any CPU = Debug|Any CPU
		Release|Any CPU = Release|Any CPU
	EndGlobalSection
	GlobalSection(ProjectConfigurationPlatforms) = postSolution
		{1F11DEED-300A-4927-869E-DDBD837A974E}.Debug|Any CPU.ActiveCfg = Debug|Any CPU
		{1F11DEED-300A-4927-869E-DDBD837A974E}.Debug|Any CPU.Build.0 = Debug|Any CPU
		{1F11DEED-300A-4927-869E-DDBD837A974E}.Release|Any CPU.ActiveCfg = Release|Any CPU
		{1F11DEED-300A-4927-869E-DDBD837A974E}.Release|Any CPU.Build.0 = Release|Any CPU
		{85855C82-5831-4FBE-A17F-A4E3FA9265DE}.Debug|Any CPU.ActiveCfg = Debug|Any CPU
		{85855C82-5831-4FBE-A17F-A4E3FA9265DE}.Debug|Any CPU.Build.0 = Debug|Any CPU
		{85855C82-5831-4FBE-A17F-A4E3FA9265DE}.Release|Any CPU.ActiveCfg = Release|Any CPU
		{85855C82-5831-4FBE-A17F-A4E3FA9265DE}.Release|Any CPU.Build.0 = Release|Any CPU
		{69961CC7-79AD-4B33-8814-DB44541DA39F}.Debug|Any CPU.ActiveCfg = Debug|Any CPU
		{69961CC7-79AD-4B33-8814-DB44541DA39F}.Debug|Any CPU.Build.0 = Debug|Any CPU
		{69961CC7-79AD-4B33-8814-DB44541DA39F}.Release|Any CPU.ActiveCfg = Release|Any CPU
		{69961CC7-79AD-4B33-8814-DB44541DA39F}.Release|Any CPU.Build.0 = Release|Any CPU
		{7CD77133-180F-40D0-90FC-22086D855072}.Debug|Any CPU.ActiveCfg = Debug|Any CPU
		{7CD77133-180F-40D0-90FC-22086D855072}.Debug|Any CPU.Build.0 = Debug|Any CPU
		{7CD77133-180F-40D0-90FC-22086D855072}.Release|Any CPU.ActiveCfg = Release|Any CPU
		{7CD77133-180F-40D0-90FC-22086D855072}.Release|Any CPU.Build.0 = Release|Any CPU
		{E32418E9-7A53-4A3A-9B18-34C20A4891E5}.Debug|Any CPU.ActiveCfg = Debug|Any CPU
		{E32418E9-7A53-4A3A-9B18-34C20A4891E5}.Debug|Any CPU.Build.0 = Debug|Any CPU
		{E32418E9-7A53-4A3A-9B18-34C20A4891E5}.Release|Any CPU.ActiveCfg = Release|Any CPU
		{E32418E9-7A53-4A3A-9B18-34C20A4891E5}.Release|Any CPU.Build.0 = Release|Any CPU
		{D99CECEA-38FD-434B-BBDF-F3B9422D198D}.Debug|Any CPU.ActiveCfg = Debug|Any CPU
		{D99CECEA-38FD-434B-BBDF-F3B9422D198D}.Debug|Any CPU.Build.0 = Debug|Any CPU
		{D99CECEA-38FD-434B-BBDF-F3B9422D198D}.Release|Any CPU.ActiveCfg = Release|Any CPU
		{D99CECEA-38FD-434B-BBDF-F3B9422D198D}.Release|Any CPU.Build.0 = Release|Any CPU
		{F9908C87-78BA-4EE7-91F5-D87A214C1F7D}.Debug|Any CPU.ActiveCfg = Debug|Any CPU
		{F9908C87-78BA-4EE7-91F5-D87A214C1F7D}.Debug|Any CPU.Build.0 = Debug|Any CPU
		{F9908C87-78BA-4EE7-91F5-D87A214C1F7D}.Release|Any CPU.ActiveCfg = Release|Any CPU
		{F9908C87-78BA-4EE7-91F5-D87A214C1F7D}.Release|Any CPU.Build.0 = Release|Any CPU
		{0D4B3EF1-AB36-4778-8F05-8033DFD7FE47}.Debug|Any CPU.ActiveCfg = Debug|Any CPU
		{0D4B3EF1-AB36-4778-8F05-8033DFD7FE47}.Debug|Any CPU.Build.0 = Debug|Any CPU
		{0D4B3EF1-AB36-4778-8F05-8033DFD7FE47}.Release|Any CPU.ActiveCfg = Release|Any CPU
		{0D4B3EF1-AB36-4778-8F05-8033DFD7FE47}.Release|Any CPU.Build.0 = Release|Any CPU
		{0A82BAE7-EA33-46F1-AC52-D18E9CCB4C21}.Debug|Any CPU.ActiveCfg = Debug|Any CPU
		{0A82BAE7-EA33-46F1-AC52-D18E9CCB4C21}.Debug|Any CPU.Build.0 = Debug|Any CPU
		{0A82BAE7-EA33-46F1-AC52-D18E9CCB4C21}.Release|Any CPU.ActiveCfg = Release|Any CPU
		{0A82BAE7-EA33-46F1-AC52-D18E9CCB4C21}.Release|Any CPU.Build.0 = Release|Any CPU
		{C0B4CDB4-3A75-485E-A34D-A184E9474B51}.Debug|Any CPU.ActiveCfg = Debug|Any CPU
		{C0B4CDB4-3A75-485E-A34D-A184E9474B51}.Debug|Any CPU.Build.0 = Debug|Any CPU
		{C0B4CDB4-3A75-485E-A34D-A184E9474B51}.Release|Any CPU.ActiveCfg = Release|Any CPU
		{C0B4CDB4-3A75-485E-A34D-A184E9474B51}.Release|Any CPU.Build.0 = Release|Any CPU
		{47C811AB-A36C-4227-902B-B91036E7DF8D}.Debug|Any CPU.ActiveCfg = Debug|Any CPU
		{47C811AB-A36C-4227-902B-B91036E7DF8D}.Debug|Any CPU.Build.0 = Debug|Any CPU
		{47C811AB-A36C-4227-902B-B91036E7DF8D}.Release|Any CPU.ActiveCfg = Release|Any CPU
		{47C811AB-A36C-4227-902B-B91036E7DF8D}.Release|Any CPU.Build.0 = Release|Any CPU
	EndGlobalSection
	GlobalSection(SolutionProperties) = preSolution
		HideSolutionNode = FALSE
	EndGlobalSection
	GlobalSection(ExtensibilityGlobals) = postSolution
		SolutionGuid = {AFAB785B-D77C-43CF-9CA1-36899869D718}
	EndGlobalSection
EndGlobal
