
Microsoft Visual Studio Solution File, Format Version 12.00
# Visual Studio Version 17
VisualStudioVersion = 17.4.33213.308
MinimumVisualStudioVersion = 10.0.40219.1
Project("{FAE04EC0-301F-11D3-BF4B-00C04F79EFBC}") = "Task-1", "Task-1\Task-1.csproj", "{8C886100-B9FC-4ABF-8DAE-69E32F34A706}"
EndProject
Project("{FAE04EC0-301F-11D3-BF4B-00C04F79EFBC}") = "Task-2", "Task-2\Task-2.csproj", "{34857B5B-E780-4C20-B1E7-6455BCFA7105}"
EndProject
Project("{FAE04EC0-301F-11D3-BF4B-00C04F79EFBC}") = "Task-3", "Task-3\Task-3.csproj", "{467D5EC2-9A71-4586-A85C-02DF696F3FA0}"
EndProject
Global
	GlobalSection(SolutionConfigurationPlatforms) = preSolution
		Debug|Any CPU = Debug|Any CPU
		Release|Any CPU = Release|Any CPU
	EndGlobalSection
	GlobalSection(ProjectConfigurationPlatforms) = postSolution
		{8C886100-B9FC-4ABF-8DAE-69E32F34A706}.Debug|Any CPU.ActiveCfg = Debug|Any CPU
		{8C886100-B9FC-4ABF-8DAE-69E32F34A706}.Debug|Any CPU.Build.0 = Debug|Any CPU
		{8C886100-B9FC-4ABF-8DAE-69E32F34A706}.Release|Any CPU.ActiveCfg = Release|Any CPU
		{8C886100-B9FC-4ABF-8DAE-69E32F34A706}.Release|Any CPU.Build.0 = Release|Any CPU
		{34857B5B-E780-4C20-B1E7-6455BCFA7105}.Debug|Any CPU.ActiveCfg = Debug|Any CPU
		{34857B5B-E780-4C20-B1E7-6455BCFA7105}.Debug|Any CPU.Build.0 = Debug|Any CPU
		{34857B5B-E780-4C20-B1E7-6455BCFA7105}.Release|Any CPU.ActiveCfg = Release|Any CPU
		{34857B5B-E780-4C20-B1E7-6455BCFA7105}.Release|Any CPU.Build.0 = Release|Any CPU
		{467D5EC2-9A71-4586-A85C-02DF696F3FA0}.Debug|Any CPU.ActiveCfg = Debug|Any CPU
		{467D5EC2-9A71-4586-A85C-02DF696F3FA0}.Debug|Any CPU.Build.0 = Debug|Any CPU
		{467D5EC2-9A71-4586-A85C-02DF696F3FA0}.Release|Any CPU.ActiveCfg = Release|Any CPU
		{467D5EC2-9A71-4586-A85C-02DF696F3FA0}.Release|Any CPU.Build.0 = Release|Any CPU
	EndGlobalSection
	GlobalSection(SolutionProperties) = preSolution
		HideSolutionNode = FALSE
	EndGlobalSection
	GlobalSection(ExtensibilityGlobals) = postSolution
		SolutionGuid = {8A98AADD-585E-400B-BEC7-7A37787FD9CD}
	EndGlobalSection
EndGlobal
