
Microsoft Visual Studio Solution File, Format Version 12.00
# Visual Studio Version 17
VisualStudioVersion = 17.4.33213.308
MinimumVisualStudioVersion = 10.0.40219.1
Project("{9A19103F-16F7-4668-BE54-9A1E7A4F7556}") = "Task-1", "Task-1\Task-1.csproj", "{43677958-5D76-4408-9036-C09C09E17E13}"
EndProject
Project("{FAE04EC0-301F-11D3-BF4B-00C04F79EFBC}") = "Task-2", "Task-2\Task-2.csproj", "{5A294D80-2DA1-4DF0-B986-6760BCAF26AD}"
EndProject
Project("{FAE04EC0-301F-11D3-BF4B-00C04F79EFBC}") = "Task-3", "Task-3\Task-3.csproj", "{4551D7F6-2FD4-4452-95E5-D28A6689B47F}"
EndProject
Project("{FAE04EC0-301F-11D3-BF4B-00C04F79EFBC}") = "Task-4", "Task-4\Task-4.csproj", "{A9400578-6C9E-4F5B-9441-611C9FC8E934}"
EndProject
Global
	GlobalSection(SolutionConfigurationPlatforms) = preSolution
		Debug|Any CPU = Debug|Any CPU
		Release|Any CPU = Release|Any CPU
	EndGlobalSection
	GlobalSection(ProjectConfigurationPlatforms) = postSolution
		{43677958-5D76-4408-9036-C09C09E17E13}.Debug|Any CPU.ActiveCfg = Debug|Any CPU
		{43677958-5D76-4408-9036-C09C09E17E13}.Debug|Any CPU.Build.0 = Debug|Any CPU
		{43677958-5D76-4408-9036-C09C09E17E13}.Release|Any CPU.ActiveCfg = Release|Any CPU
		{43677958-5D76-4408-9036-C09C09E17E13}.Release|Any CPU.Build.0 = Release|Any CPU
		{5A294D80-2DA1-4DF0-B986-6760BCAF26AD}.Debug|Any CPU.ActiveCfg = Debug|Any CPU
		{5A294D80-2DA1-4DF0-B986-6760BCAF26AD}.Debug|Any CPU.Build.0 = Debug|Any CPU
		{5A294D80-2DA1-4DF0-B986-6760BCAF26AD}.Release|Any CPU.ActiveCfg = Release|Any CPU
		{5A294D80-2DA1-4DF0-B986-6760BCAF26AD}.Release|Any CPU.Build.0 = Release|Any CPU
		{4551D7F6-2FD4-4452-95E5-D28A6689B47F}.Debug|Any CPU.ActiveCfg = Debug|Any CPU
		{4551D7F6-2FD4-4452-95E5-D28A6689B47F}.Debug|Any CPU.Build.0 = Debug|Any CPU
		{4551D7F6-2FD4-4452-95E5-D28A6689B47F}.Release|Any CPU.ActiveCfg = Release|Any CPU
		{4551D7F6-2FD4-4452-95E5-D28A6689B47F}.Release|Any CPU.Build.0 = Release|Any CPU
		{A9400578-6C9E-4F5B-9441-611C9FC8E934}.Debug|Any CPU.ActiveCfg = Debug|Any CPU
		{A9400578-6C9E-4F5B-9441-611C9FC8E934}.Debug|Any CPU.Build.0 = Debug|Any CPU
		{A9400578-6C9E-4F5B-9441-611C9FC8E934}.Release|Any CPU.ActiveCfg = Release|Any CPU
		{A9400578-6C9E-4F5B-9441-611C9FC8E934}.Release|Any CPU.Build.0 = Release|Any CPU
	EndGlobalSection
	GlobalSection(SolutionProperties) = preSolution
		HideSolutionNode = FALSE
	EndGlobalSection
	GlobalSection(ExtensibilityGlobals) = postSolution
		SolutionGuid = {103D6663-CAE6-473B-A26C-91948F47B5F9}
	EndGlobalSection
EndGlobal
