
Microsoft Visual Studio Solution File, Format Version 12.00
# Visual Studio Version 17
VisualStudioVersion = 17.4.33213.308
MinimumVisualStudioVersion = 10.0.40219.1
Project("{FAE04EC0-301F-11D3-BF4B-00C04F79EFBC}") = "Task-1", "Task-1\Task-1.csproj", "{97110B89-7941-4B8A-A9D7-E8B733EBC62F}"
EndProject
Project("{FAE04EC0-301F-11D3-BF4B-00C04F79EFBC}") = "Task-2", "Task-2\Task-2.csproj", "{7FA36F33-E70B-4E40-A9BF-EB13284C6221}"
EndProject
Global
	GlobalSection(SolutionConfigurationPlatforms) = preSolution
		Debug|Any CPU = Debug|Any CPU
		Release|Any CPU = Release|Any CPU
	EndGlobalSection
	GlobalSection(ProjectConfigurationPlatforms) = postSolution
		{97110B89-7941-4B8A-A9D7-E8B733EBC62F}.Debug|Any CPU.ActiveCfg = Debug|Any CPU
		{97110B89-7941-4B8A-A9D7-E8B733EBC62F}.Debug|Any CPU.Build.0 = Debug|Any CPU
		{97110B89-7941-4B8A-A9D7-E8B733EBC62F}.Release|Any CPU.ActiveCfg = Release|Any CPU
		{97110B89-7941-4B8A-A9D7-E8B733EBC62F}.Release|Any CPU.Build.0 = Release|Any CPU
		{7FA36F33-E70B-4E40-A9BF-EB13284C6221}.Debug|Any CPU.ActiveCfg = Debug|Any CPU
		{7FA36F33-E70B-4E40-A9BF-EB13284C6221}.Debug|Any CPU.Build.0 = Debug|Any CPU
		{7FA36F33-E70B-4E40-A9BF-EB13284C6221}.Release|Any CPU.ActiveCfg = Release|Any CPU
		{7FA36F33-E70B-4E40-A9BF-EB13284C6221}.Release|Any CPU.Build.0 = Release|Any CPU
	EndGlobalSection
	GlobalSection(SolutionProperties) = preSolution
		HideSolutionNode = FALSE
	EndGlobalSection
	GlobalSection(ExtensibilityGlobals) = postSolution
		SolutionGuid = {8FF4B12D-E584-42BF-A702-1A57FD722AC3}
	EndGlobalSection
EndGlobal
