
Microsoft Visual Studio Solution File, Format Version 12.00
# Visual Studio Version 17
VisualStudioVersion = 17.4.33213.308
MinimumVisualStudioVersion = 10.0.40219.1
Project("{FAE04EC0-301F-11D3-BF4B-00C04F79EFBC}") = "Task-1", "Task-1\Task-1.csproj", "{11CCCD77-0EB9-4D3E-891F-57F5BC65533B}"
EndProject
Project("{FAE04EC0-301F-11D3-BF4B-00C04F79EFBC}") = "Task-2", "Task-2\Task-2.csproj", "{960BC42E-DB8F-4C3D-8CB7-7D4C43DAA561}"
EndProject
Global
	GlobalSection(SolutionConfigurationPlatforms) = preSolution
		Debug|Any CPU = Debug|Any CPU
		Release|Any CPU = Release|Any CPU
	EndGlobalSection
	GlobalSection(ProjectConfigurationPlatforms) = postSolution
		{11CCCD77-0EB9-4D3E-891F-57F5BC65533B}.Debug|Any CPU.ActiveCfg = Debug|Any CPU
		{11CCCD77-0EB9-4D3E-891F-57F5BC65533B}.Debug|Any CPU.Build.0 = Debug|Any CPU
		{11CCCD77-0EB9-4D3E-891F-57F5BC65533B}.Release|Any CPU.ActiveCfg = Release|Any CPU
		{11CCCD77-0EB9-4D3E-891F-57F5BC65533B}.Release|Any CPU.Build.0 = Release|Any CPU
		{960BC42E-DB8F-4C3D-8CB7-7D4C43DAA561}.Debug|Any CPU.ActiveCfg = Debug|Any CPU
		{960BC42E-DB8F-4C3D-8CB7-7D4C43DAA561}.Debug|Any CPU.Build.0 = Debug|Any CPU
		{960BC42E-DB8F-4C3D-8CB7-7D4C43DAA561}.Release|Any CPU.ActiveCfg = Release|Any CPU
		{960BC42E-DB8F-4C3D-8CB7-7D4C43DAA561}.Release|Any CPU.Build.0 = Release|Any CPU
	EndGlobalSection
	GlobalSection(SolutionProperties) = preSolution
		HideSolutionNode = FALSE
	EndGlobalSection
	GlobalSection(ExtensibilityGlobals) = postSolution
		SolutionGuid = {0BC467E5-D5EC-4AD6-A0CD-5D90FDD92263}
	EndGlobalSection
EndGlobal
